
Microsoft Visual Studio Solution File, Format Version 12.00
Project("{F2A71F9B-5D33-465A-A702-920D77279786}") = "PrimeNumbers", "PrimeNumbers\PrimeNumbers.fsproj", "{D6AEE357-3EE3-4A01-A098-1C05CB4942FD}"
EndProject
Project("{F2A71F9B-5D33-465A-A702-920D77279786}") = "PrimeNumbersTests", "PrimeNumbersTests\PrimeNumbersTests.fsproj", "{C8B48DE5-F291-4709-B4DA-B938216FBE6F}"
EndProject
Global
	GlobalSection(SolutionConfigurationPlatforms) = preSolution
		Debug|Any CPU = Debug|Any CPU
		Release|Any CPU = Release|Any CPU
	EndGlobalSection
	GlobalSection(ProjectConfigurationPlatforms) = postSolution
		{D6AEE357-3EE3-4A01-A098-1C05CB4942FD}.Debug|Any CPU.ActiveCfg = Debug|Any CPU
		{D6AEE357-3EE3-4A01-A098-1C05CB4942FD}.Debug|Any CPU.Build.0 = Debug|Any CPU
		{D6AEE357-3EE3-4A01-A098-1C05CB4942FD}.Release|Any CPU.ActiveCfg = Release|Any CPU
		{D6AEE357-3EE3-4A01-A098-1C05CB4942FD}.Release|Any CPU.Build.0 = Release|Any CPU
		{C8B48DE5-F291-4709-B4DA-B938216FBE6F}.Debug|Any CPU.ActiveCfg = Debug|Any CPU
		{C8B48DE5-F291-4709-B4DA-B938216FBE6F}.Debug|Any CPU.Build.0 = Debug|Any CPU
		{C8B48DE5-F291-4709-B4DA-B938216FBE6F}.Release|Any CPU.ActiveCfg = Release|Any CPU
		{C8B48DE5-F291-4709-B4DA-B938216FBE6F}.Release|Any CPU.Build.0 = Release|Any CPU
	EndGlobalSection
EndGlobal
